
Microsoft Visual Studio Solution File, Format Version 12.00
# Visual Studio 14
VisualStudioVersion = 14.0.25420.1
MinimumVisualStudioVersion = 10.0.40219.1
Project("{FAE04EC0-301F-11D3-BF4B-00C04F79EFBC}") = "LinkedList", "LinkedList\LinkedList.csproj", "{6C9F6349-68EC-4A13-90F0-CE806407AC54}"
EndProject
Project("{FAE04EC0-301F-11D3-BF4B-00C04F79EFBC}") = "LinkedListTests", "LinkedListTests\LinkedListTests.csproj", "{E5EB578E-D52E-43A3-80AF-80B93CD6D0F2}"
EndProject
Global
	GlobalSection(SolutionConfigurationPlatforms) = preSolution
		Debug|Any CPU = Debug|Any CPU
		Release|Any CPU = Release|Any CPU
	EndGlobalSection
	GlobalSection(ProjectConfigurationPlatforms) = postSolution
		{6C9F6349-68EC-4A13-90F0-CE806407AC54}.Debug|Any CPU.ActiveCfg = Debug|Any CPU
		{6C9F6349-68EC-4A13-90F0-CE806407AC54}.Debug|Any CPU.Build.0 = Debug|Any CPU
		{6C9F6349-68EC-4A13-90F0-CE806407AC54}.Release|Any CPU.ActiveCfg = Release|Any CPU
		{6C9F6349-68EC-4A13-90F0-CE806407AC54}.Release|Any CPU.Build.0 = Release|Any CPU
		{E5EB578E-D52E-43A3-80AF-80B93CD6D0F2}.Debug|Any CPU.ActiveCfg = Debug|Any CPU
		{E5EB578E-D52E-43A3-80AF-80B93CD6D0F2}.Debug|Any CPU.Build.0 = Debug|Any CPU
		{E5EB578E-D52E-43A3-80AF-80B93CD6D0F2}.Release|Any CPU.ActiveCfg = Release|Any CPU
		{E5EB578E-D52E-43A3-80AF-80B93CD6D0F2}.Release|Any CPU.Build.0 = Release|Any CPU
	EndGlobalSection
	GlobalSection(SolutionProperties) = preSolution
		HideSolutionNode = FALSE
	EndGlobalSection
EndGlobal
